{
  "name": "scikit-plots-libs-pyodide-probe",
  "version": "0.0.0",
  "lockfileVersion": 3,
  "requires": true,
  "packages": {
    "": {
      "name": "scikit-plots-libs-pyodide-probe",
      "version": "0.0.0",
      "license": "BSD-3-Clause",
      "dependencies": {
        "pyodide": "0.28.3"
      }
    },
    "node_modules/pyodide": {
      "version": "0.28.3",
      "resolved": "https://registry.npmjs.org/pyodide/-/pyodide-0.28.3.tgz",
      "integrity": "sha512-rtCsyTU55oNGpLzSVuAd55ZvruJDEX8o6keSdWKN9jPeBVSNlynaKFG7eRqkiIgU7i2M6HEgYtm0atCEQX3u4A==",
      "license": "MPL-2.0",
      "dependencies": {
        "ws": "^8.5.0"
      },
      "engines": {
        "node": ">=18.0.0"
      }
    },
    "node_modules/ws": {
      "version": "8.22.0",
      "resolved": "https://registry.npmjs.org/ws/-/ws-8.22.0.tgz",
      "integrity": "sha512-Ydggc987+RO0AnWtZ/7Wq9FtNvcrL1b/RO0ud9mWjUPgDrsAAwQSF51sm2hm1XofbU/4jkpGEsLFsZZxU+1DOg==",
      "license": "MIT",
      "engines": {
        "node": ">=10.0.0"
      },
      "peerDependencies": {
        "bufferutil": "^4.0.1",
        "utf-8-validate": ">=5.0.2"
      },
      "peerDependenciesMeta": {
        "bufferutil": {
          "optional": true
        },
        "utf-8-validate": {
          "optional": true
        }
      }
    }
  }
}
